# THIS IS AN AUTOGENERATED FILE. DO NOT EDIT THIS FILE DIRECTLY.
# yarn lockfile v1


"@azure/abort-controller@^1.0.0":
  version "1.1.0"
  resolved "https://pkgs.dev.azure.com/dnceng/public/_packaging/dotnet-public-npm/npm/registry/@azure/abort-controller/-/abort-controller-1.1.0.tgz"
  dependencies:
    tslib "^2.2.0"

"@azure/abort-controller@^2.0.0":
  version "2.1.2"
  resolved "https://pkgs.dev.azure.com/dnceng/public/_packaging/dotnet-public-npm/npm/registry/@azure/abort-controller/-/abort-controller-2.1.2.tgz"
  dependencies:
    tslib "^2.6.2"

"@azure/core-auth@^1.4.0", "@azure/core-auth@^1.5.0":
  version "1.7.2"
  resolved "https://pkgs.dev.azure.com/dnceng/public/_packaging/dotnet-public-npm/npm/registry/@azure/core-auth/-/core-auth-1.7.2.tgz"
  dependencies:
    "@azure/abort-controller" "^2.0.0"
    "@azure/core-util" "^1.1.0"
    tslib "^2.6.2"

"@azure/core-client@^1.9.2":
  version "1.9.2"
  resolved "https://pkgs.dev.azure.com/dnceng/public/_packaging/dotnet-public-npm/npm/registry/@azure/core-client/-/core-client-1.9.2.tgz#6fc69cee2816883ab6c5cdd653ee4f2ff9774f74"
  dependencies:
    "@azure/abort-controller" "^2.0.0"
    "@azure/core-auth" "^1.4.0"
    "@azure/core-rest-pipeline" "^1.9.1"
    "@azure/core-tracing" "^1.0.0"
    "@azure/core-util" "^1.6.1"
    "@azure/logger" "^1.0.0"
    tslib "^2.6.2"

"@azure/core-rest-pipeline@^1.1.0", "@azure/core-rest-pipeline@^1.9.1":
  version "1.16.0"
  resolved "https://pkgs.dev.azure.com/dnceng/public/_packaging/dotnet-public-npm/npm/registry/@azure/core-rest-pipeline/-/core-rest-pipeline-1.16.0.tgz"
  dependencies:
    "@azure/abort-controller" "^2.0.0"
    "@azure/core-auth" "^1.4.0"
    "@azure/core-tracing" "^1.0.1"
    "@azure/core-util" "^1.9.0"
    "@azure/logger" "^1.0.0"
    http-proxy-agent "^7.0.0"
    https-proxy-agent "^7.0.0"
    tslib "^2.6.2"

"@azure/core-tracing@^1.0.0", "@azure/core-tracing@^1.0.1":
  version "1.1.2"
  resolved "https://pkgs.dev.azure.com/dnceng/public/_packaging/dotnet-public-npm/npm/registry/@azure/core-tracing/-/core-tracing-1.1.2.tgz"
  dependencies:
    tslib "^2.6.2"

"@azure/core-util@^1.1.0", "@azure/core-util@^1.3.0", "@azure/core-util@^1.6.1", "@azure/core-util@^1.9.0":
  version "1.9.0"
  resolved "https://pkgs.dev.azure.com/dnceng/public/_packaging/dotnet-public-npm/npm/registry/@azure/core-util/-/core-util-1.9.0.tgz"
  dependencies:
    "@azure/abort-controller" "^2.0.0"
    tslib "^2.6.2"

"@azure/identity@^4.1.0":
  version "4.3.0"
  resolved "https://pkgs.dev.azure.com/dnceng/public/_packaging/dotnet-public-npm/npm/registry/@azure/identity/-/identity-4.3.0.tgz#e8da6b3bf1df4de1511e813a7166a4b5b4a99ca1"
  dependencies:
    "@azure/abort-controller" "^1.0.0"
    "@azure/core-auth" "^1.5.0"
    "@azure/core-client" "^1.9.2"
    "@azure/core-rest-pipeline" "^1.1.0"
    "@azure/core-tracing" "^1.0.0"
    "@azure/core-util" "^1.3.0"
    "@azure/logger" "^1.0.0"
    "@azure/msal-browser" "^3.11.1"
    "@azure/msal-node" "^2.9.2"
    events "^3.0.0"
    jws "^4.0.0"
    open "^8.0.0"
    stoppable "^1.1.0"
    tslib "^2.2.0"

"@azure/logger@^1.0.0":
  version "1.1.2"
  resolved "https://pkgs.dev.azure.com/dnceng/public/_packaging/dotnet-public-npm/npm/registry/@azure/logger/-/logger-1.1.2.tgz"
  dependencies:
    tslib "^2.6.2"

"@azure/msal-browser@^3.11.1":
  version "3.14.0"
  resolved "https://pkgs.dev.azure.com/dnceng/public/_packaging/dotnet-public-npm/npm/registry/@azure/msal-browser/-/msal-browser-3.14.0.tgz"
  dependencies:
    "@azure/msal-common" "14.10.0"

"@azure/msal-common@14.10.0":
  version "14.10.0"
  resolved "https://pkgs.dev.azure.com/dnceng/public/_packaging/dotnet-public-npm/npm/registry/@azure/msal-common/-/msal-common-14.10.0.tgz"

"@azure/msal-common@14.12.0":
  version "14.12.0"
  resolved "https://pkgs.dev.azure.com/dnceng/public/_packaging/dotnet-public-npm/npm/registry/@azure/msal-common/-/msal-common-14.12.0.tgz"

"@azure/msal-node@^2.9.2":
  version "2.9.2"
  resolved "https://pkgs.dev.azure.com/dnceng/public/_packaging/dotnet-public-npm/npm/registry/@azure/msal-node/-/msal-node-2.9.2.tgz"
  dependencies:
    "@azure/msal-common" "14.12.0"
    jsonwebtoken "^9.0.0"
    uuid "^8.3.0"

"@isaacs/cliui@^8.0.2":
  version "8.0.2"
  resolved "https://pkgs.dev.azure.com/dnceng/public/_packaging/dotnet-public-npm/npm/registry/@isaacs/cliui/-/cliui-8.0.2.tgz"
  dependencies:
    string-width "^5.1.2"
    string-width-cjs "npm:string-width@^4.2.0"
    strip-ansi "^7.0.1"
    strip-ansi-cjs "npm:strip-ansi@^6.0.1"
    wrap-ansi "^8.1.0"
    wrap-ansi-cjs "npm:wrap-ansi@^7.0.0"

"@pkgjs/parseargs@^0.11.0":
  version "0.11.0"
  resolved "https://pkgs.dev.azure.com/dnceng/public/_packaging/dotnet-public-npm/npm/registry/@pkgjs/parseargs/-/parseargs-0.11.0.tgz"

"@types/source-map-support@^0.5.6":
  version "0.5.6"
  resolved "https://pkgs.dev.azure.com/dnceng/public/_packaging/dotnet-public-npm/npm/registry/@types/source-map-support/-/source-map-support-0.5.6.tgz"
  dependencies:
    source-map "^0.6.0"

"@vscode/vsce@^2.26.1":
  version "2.26.1"
  resolved "https://pkgs.dev.azure.com/dnceng/public/_packaging/dotnet-public-npm/npm/registry/@vscode/vsce/-/vsce-2.26.1.tgz"
  dependencies:
    "@azure/identity" "^4.1.0"
    azure-devops-node-api "^12.5.0"
    chalk "^2.4.2"
    cheerio "^1.0.0-rc.9"
    cockatiel "^3.1.2"
    commander "^6.2.1"
    form-data "^4.0.0"
    glob "^7.0.6"
    hosted-git-info "^4.0.2"
    jsonc-parser "^3.2.0"
    leven "^3.1.0"
    markdown-it "^12.3.2"
    mime "^1.3.4"
    minimatch "^3.0.3"
    parse-semver "^1.1.1"
    read "^1.0.7"
    semver "^7.5.2"
    tmp "^0.2.1"
    typed-rest-client "^1.8.4"
    url-join "^4.0.1"
    xml2js "^0.5.0"
    yauzl "^2.3.1"
    yazl "^2.2.2"
  optionalDependencies:
    keytar "^7.7.0"

agent-base@^7.0.2, agent-base@^7.1.0:
  version "7.1.1"
  resolved "https://pkgs.dev.azure.com/dnceng/public/_packaging/dotnet-public-npm/npm/registry/agent-base/-/agent-base-7.1.1.tgz"
  dependencies:
    debug "^4.3.4"

ansi-regex@^5.0.1:
  version "5.0.1"
  resolved "https://pkgs.dev.azure.com/dnceng/public/_packaging/dotnet-public-npm/npm/registry/ansi-regex/-/ansi-regex-5.0.1.tgz"

ansi-regex@^6.0.1:
  version "6.0.1"
  resolved "https://pkgs.dev.azure.com/dnceng/public/_packaging/dotnet-public-npm/npm/registry/ansi-regex/-/ansi-regex-6.0.1.tgz"

ansi-styles@^3.2.1:
  version "3.2.1"
  resolved "https://pkgs.dev.azure.com/dnceng/public/_packaging/dotnet-public-npm/npm/registry/ansi-styles/-/ansi-styles-3.2.1.tgz"
  dependencies:
    color-convert "^1.9.0"

ansi-styles@^4.0.0:
  version "4.3.0"
  resolved "https://pkgs.dev.azure.com/dnceng/public/_packaging/dotnet-public-npm/npm/registry/ansi-styles/-/ansi-styles-4.3.0.tgz"
  dependencies:
    color-convert "^2.0.1"

ansi-styles@^6.1.0:
  version "6.2.1"
  resolved "https://pkgs.dev.azure.com/dnceng/public/_packaging/dotnet-public-npm/npm/registry/ansi-styles/-/ansi-styles-6.2.1.tgz"

argparse@^2.0.1:
  version "2.0.1"
  resolved "https://pkgs.dev.azure.com/dnceng/public/_packaging/dotnet-public-npm/npm/registry/argparse/-/argparse-2.0.1.tgz"

asynckit@^0.4.0:
  version "0.4.0"
  resolved "https://pkgs.dev.azure.com/dnceng/public/_packaging/dotnet-public-npm/npm/registry/asynckit/-/asynckit-0.4.0.tgz"

azure-devops-node-api@^12.5.0:
  version "12.5.0"
  resolved "https://pkgs.dev.azure.com/dnceng/public/_packaging/dotnet-public-npm/npm/registry/azure-devops-node-api/-/azure-devops-node-api-12.5.0.tgz"
  dependencies:
    tunnel "0.0.6"
    typed-rest-client "^1.8.4"

balanced-match@^1.0.0:
  version "1.0.2"
  resolved "https://pkgs.dev.azure.com/dnceng/public/_packaging/dotnet-public-npm/npm/registry/balanced-match/-/balanced-match-1.0.2.tgz"

base64-js@^1.3.1:
  version "1.5.1"
  resolved "https://pkgs.dev.azure.com/dnceng/public/_packaging/dotnet-public-npm/npm/registry/base64-js/-/base64-js-1.5.1.tgz"

bl@^4.0.3:
  version "4.1.0"
  resolved "https://pkgs.dev.azure.com/dnceng/public/_packaging/dotnet-public-npm/npm/registry/bl/-/bl-4.1.0.tgz"
  dependencies:
    buffer "^5.5.0"
    inherits "^2.0.4"
    readable-stream "^3.4.0"

boolbase@^1.0.0:
  version "1.0.0"
  resolved "https://pkgs.dev.azure.com/dnceng/public/_packaging/dotnet-public-npm/npm/registry/boolbase/-/boolbase-1.0.0.tgz"

brace-expansion@^1.1.7:
  version "1.1.11"
  resolved "https://pkgs.dev.azure.com/dnceng/public/_packaging/dotnet-public-npm/npm/registry/brace-expansion/-/brace-expansion-1.1.11.tgz"
  dependencies:
    balanced-match "^1.0.0"
    concat-map "0.0.1"

brace-expansion@^2.0.1:
  version "2.0.1"
  resolved "https://pkgs.dev.azure.com/dnceng/public/_packaging/dotnet-public-npm/npm/registry/brace-expansion/-/brace-expansion-2.0.1.tgz"
  dependencies:
    balanced-match "^1.0.0"

buffer-crc32@~0.2.3:
  version "0.2.13"
  resolved "https://pkgs.dev.azure.com/dnceng/public/_packaging/dotnet-public-npm/npm/registry/buffer-crc32/-/buffer-crc32-0.2.13.tgz"

buffer-equal-constant-time@1.0.1:
  version "1.0.1"
  resolved "https://pkgs.dev.azure.com/dnceng/public/_packaging/dotnet-public-npm/npm/registry/buffer-equal-constant-time/-/buffer-equal-constant-time-1.0.1.tgz"

buffer@^5.5.0:
  version "5.7.1"
  resolved "https://pkgs.dev.azure.com/dnceng/public/_packaging/dotnet-public-npm/npm/registry/buffer/-/buffer-5.7.1.tgz"
  dependencies:
    base64-js "^1.3.1"
    ieee754 "^1.1.13"

call-bind@^1.0.0:
  version "1.0.2"
  resolved "https://pkgs.dev.azure.com/dnceng/public/_packaging/dotnet-public-npm/npm/registry/call-bind/-/call-bind-1.0.2.tgz"
  dependencies:
    function-bind "^1.1.1"
    get-intrinsic "^1.0.2"

chalk@^2.4.2:
  version "2.4.2"
  resolved "https://pkgs.dev.azure.com/dnceng/public/_packaging/dotnet-public-npm/npm/registry/chalk/-/chalk-2.4.2.tgz"
  dependencies:
    ansi-styles "^3.2.1"
    escape-string-regexp "^1.0.5"
    supports-color "^5.3.0"

cheerio-select@^2.1.0:
  version "2.1.0"
  resolved "https://pkgs.dev.azure.com/dnceng/public/_packaging/dotnet-public-npm/npm/registry/cheerio-select/-/cheerio-select-2.1.0.tgz"
  dependencies:
    boolbase "^1.0.0"
    css-select "^5.1.0"
    css-what "^6.1.0"
    domelementtype "^2.3.0"
    domhandler "^5.0.3"
    domutils "^3.0.1"

cheerio@^1.0.0-rc.9:
  version "1.0.0-rc.12"
  resolved "https://pkgs.dev.azure.com/dnceng/public/_packaging/dotnet-public-npm/npm/registry/cheerio/-/cheerio-1.0.0-rc.12.tgz"
  dependencies:
    cheerio-select "^2.1.0"
    dom-serializer "^2.0.0"
    domhandler "^5.0.3"
    domutils "^3.0.1"
    htmlparser2 "^8.0.1"
    parse5 "^7.0.0"
    parse5-htmlparser2-tree-adapter "^7.0.0"

chownr@^1.1.1:
  version "1.1.4"
  resolved "https://pkgs.dev.azure.com/dnceng/public/_packaging/dotnet-public-npm/npm/registry/chownr/-/chownr-1.1.4.tgz"

cockatiel@^3.1.2:
  version "3.1.3"
  resolved "https://pkgs.dev.azure.com/dnceng/public/_packaging/dotnet-public-npm/npm/registry/cockatiel/-/cockatiel-3.1.3.tgz"

color-convert@^1.9.0:
  version "1.9.3"
  resolved "https://pkgs.dev.azure.com/dnceng/public/_packaging/dotnet-public-npm/npm/registry/color-convert/-/color-convert-1.9.3.tgz"
  dependencies:
    color-name "1.1.3"

color-convert@^2.0.1:
  version "2.0.1"
  resolved "https://pkgs.dev.azure.com/dnceng/public/_packaging/dotnet-public-npm/npm/registry/color-convert/-/color-convert-2.0.1.tgz"
  dependencies:
    color-name "~1.1.4"

color-name@1.1.3:
  version "1.1.3"
  resolved "https://pkgs.dev.azure.com/dnceng/public/_packaging/dotnet-public-npm/npm/registry/color-name/-/color-name-1.1.3.tgz"

color-name@~1.1.4:
  version "1.1.4"
  resolved "https://pkgs.dev.azure.com/dnceng/public/_packaging/dotnet-public-npm/npm/registry/color-name/-/color-name-1.1.4.tgz"

combined-stream@^1.0.8:
  version "1.0.8"
  resolved "https://pkgs.dev.azure.com/dnceng/public/_packaging/dotnet-public-npm/npm/registry/combined-stream/-/combined-stream-1.0.8.tgz"
  dependencies:
    delayed-stream "~1.0.0"

commander@^6.2.1:
  version "6.2.1"
  resolved "https://pkgs.dev.azure.com/dnceng/public/_packaging/dotnet-public-npm/npm/registry/commander/-/commander-6.2.1.tgz"

concat-map@0.0.1:
  version "0.0.1"
  resolved "https://pkgs.dev.azure.com/dnceng/public/_packaging/dotnet-public-npm/npm/registry/concat-map/-/concat-map-0.0.1.tgz"

cross-spawn@^7.0.0:
  version "7.0.3"
  resolved "https://pkgs.dev.azure.com/dnceng/public/_packaging/dotnet-public-npm/npm/registry/cross-spawn/-/cross-spawn-7.0.3.tgz"
  dependencies:
    path-key "^3.1.0"
    shebang-command "^2.0.0"
    which "^2.0.1"

css-select@^5.1.0:
  version "5.1.0"
  resolved "https://pkgs.dev.azure.com/dnceng/public/_packaging/dotnet-public-npm/npm/registry/css-select/-/css-select-5.1.0.tgz"
  dependencies:
    boolbase "^1.0.0"
    css-what "^6.1.0"
    domhandler "^5.0.2"
    domutils "^3.0.1"
    nth-check "^2.0.1"

css-what@^6.1.0:
  version "6.1.0"
  resolved "https://pkgs.dev.azure.com/dnceng/public/_packaging/dotnet-public-npm/npm/registry/css-what/-/css-what-6.1.0.tgz"

debug@4, debug@^4.3.4:
  version "4.3.4"
  resolved "https://pkgs.dev.azure.com/dnceng/public/_packaging/dotnet-public-npm/npm/registry/debug/-/debug-4.3.4.tgz"
  dependencies:
    ms "2.1.2"

decompress-response@^6.0.0:
  version "6.0.0"
  resolved "https://pkgs.dev.azure.com/dnceng/public/_packaging/dotnet-public-npm/npm/registry/decompress-response/-/decompress-response-6.0.0.tgz"
  dependencies:
    mimic-response "^3.1.0"

deep-extend@^0.6.0:
  version "0.6.0"
  resolved "https://pkgs.dev.azure.com/dnceng/public/_packaging/dotnet-public-npm/npm/registry/deep-extend/-/deep-extend-0.6.0.tgz"

define-lazy-prop@^2.0.0:
  version "2.0.0"
  resolved "https://pkgs.dev.azure.com/dnceng/public/_packaging/dotnet-public-npm/npm/registry/define-lazy-prop/-/define-lazy-prop-2.0.0.tgz"

delayed-stream@~1.0.0:
  version "1.0.0"
  resolved "https://pkgs.dev.azure.com/dnceng/public/_packaging/dotnet-public-npm/npm/registry/delayed-stream/-/delayed-stream-1.0.0.tgz"

detect-libc@^2.0.0:
  version "2.0.3"
  resolved "https://pkgs.dev.azure.com/dnceng/public/_packaging/dotnet-public-npm/npm/registry/detect-libc/-/detect-libc-2.0.3.tgz"

dom-serializer@^2.0.0:
  version "2.0.0"
  resolved "https://pkgs.dev.azure.com/dnceng/public/_packaging/dotnet-public-npm/npm/registry/dom-serializer/-/dom-serializer-2.0.0.tgz"
  dependencies:
    domelementtype "^2.3.0"
    domhandler "^5.0.2"
    entities "^4.2.0"

domelementtype@^2.3.0:
  version "2.3.0"
  resolved "https://pkgs.dev.azure.com/dnceng/public/_packaging/dotnet-public-npm/npm/registry/domelementtype/-/domelementtype-2.3.0.tgz"

domhandler@^5.0.1, domhandler@^5.0.2, domhandler@^5.0.3:
  version "5.0.3"
  resolved "https://pkgs.dev.azure.com/dnceng/public/_packaging/dotnet-public-npm/npm/registry/domhandler/-/domhandler-5.0.3.tgz"
  dependencies:
    domelementtype "^2.3.0"

domutils@^3.0.1:
  version "3.0.1"
  resolved "https://pkgs.dev.azure.com/dnceng/public/_packaging/dotnet-public-npm/npm/registry/domutils/-/domutils-3.0.1.tgz"
  dependencies:
    dom-serializer "^2.0.0"
    domelementtype "^2.3.0"
    domhandler "^5.0.1"

eastasianwidth@^0.2.0:
  version "0.2.0"
  resolved "https://pkgs.dev.azure.com/dnceng/public/_packaging/dotnet-public-npm/npm/registry/eastasianwidth/-/eastasianwidth-0.2.0.tgz"

ecdsa-sig-formatter@1.0.11:
  version "1.0.11"
  resolved "https://pkgs.dev.azure.com/dnceng/public/_packaging/dotnet-public-npm/npm/registry/ecdsa-sig-formatter/-/ecdsa-sig-formatter-1.0.11.tgz"
  dependencies:
    safe-buffer "^5.0.1"

emoji-regex@^8.0.0:
  version "8.0.0"
  resolved "https://pkgs.dev.azure.com/dnceng/public/_packaging/dotnet-public-npm/npm/registry/emoji-regex/-/emoji-regex-8.0.0.tgz"

emoji-regex@^9.2.2:
  version "9.2.2"
  resolved "https://pkgs.dev.azure.com/dnceng/public/_packaging/dotnet-public-npm/npm/registry/emoji-regex/-/emoji-regex-9.2.2.tgz"

end-of-stream@^1.1.0, end-of-stream@^1.4.1:
  version "1.4.4"
  resolved "https://pkgs.dev.azure.com/dnceng/public/_packaging/dotnet-public-npm/npm/registry/end-of-stream/-/end-of-stream-1.4.4.tgz"
  dependencies:
    once "^1.4.0"

entities@^4.2.0, entities@^4.3.0, entities@^4.4.0:
  version "4.4.0"
  resolved "https://pkgs.dev.azure.com/dnceng/public/_packaging/dotnet-public-npm/npm/registry/entities/-/entities-4.4.0.tgz"

entities@~2.1.0:
  version "2.1.0"
  resolved "https://pkgs.dev.azure.com/dnceng/public/_packaging/dotnet-public-npm/npm/registry/entities/-/entities-2.1.0.tgz"

escape-string-regexp@^1.0.5:
  version "1.0.5"
  resolved "https://pkgs.dev.azure.com/dnceng/public/_packaging/dotnet-public-npm/npm/registry/escape-string-regexp/-/escape-string-regexp-1.0.5.tgz"

events@^3.0.0:
  version "3.3.0"
  resolved "https://pkgs.dev.azure.com/dnceng/public/_packaging/dotnet-public-npm/npm/registry/events/-/events-3.3.0.tgz"

expand-template@^2.0.3:
  version "2.0.3"
  resolved "https://pkgs.dev.azure.com/dnceng/public/_packaging/dotnet-public-npm/npm/registry/expand-template/-/expand-template-2.0.3.tgz"

fd-slicer@~1.1.0:
  version "1.1.0"
  resolved "https://pkgs.dev.azure.com/dnceng/public/_packaging/dotnet-public-npm/npm/registry/fd-slicer/-/fd-slicer-1.1.0.tgz"
  dependencies:
    pend "~1.2.0"

foreground-child@^3.1.0:
  version "3.1.1"
  resolved "https://pkgs.dev.azure.com/dnceng/public/_packaging/dotnet-public-npm/npm/registry/foreground-child/-/foreground-child-3.1.1.tgz"
  dependencies:
    cross-spawn "^7.0.0"
    signal-exit "^4.0.1"

form-data@^4.0.0:
  version "4.0.0"
  resolved "https://pkgs.dev.azure.com/dnceng/public/_packaging/dotnet-public-npm/npm/registry/form-data/-/form-data-4.0.0.tgz"
  dependencies:
    asynckit "^0.4.0"
    combined-stream "^1.0.8"
    mime-types "^2.1.12"

fs-constants@^1.0.0:
  version "1.0.0"
  resolved "https://pkgs.dev.azure.com/dnceng/public/_packaging/dotnet-public-npm/npm/registry/fs-constants/-/fs-constants-1.0.0.tgz"

fs.realpath@^1.0.0:
  version "1.0.0"
  resolved "https://pkgs.dev.azure.com/dnceng/public/_packaging/dotnet-public-npm/npm/registry/fs.realpath/-/fs.realpath-1.0.0.tgz"

function-bind@^1.1.1:
  version "1.1.1"
  resolved "https://pkgs.dev.azure.com/dnceng/public/_packaging/dotnet-public-npm/npm/registry/function-bind/-/function-bind-1.1.1.tgz"

get-intrinsic@^1.0.2:
  version "1.1.3"
  resolved "https://pkgs.dev.azure.com/dnceng/public/_packaging/dotnet-public-npm/npm/registry/get-intrinsic/-/get-intrinsic-1.1.3.tgz"
  dependencies:
    function-bind "^1.1.1"
    has "^1.0.3"
    has-symbols "^1.0.3"

github-from-package@0.0.0:
  version "0.0.0"
  resolved "https://pkgs.dev.azure.com/dnceng/public/_packaging/dotnet-public-npm/npm/registry/github-from-package/-/github-from-package-0.0.0.tgz"

glob@^10.2.5:
  version "10.3.3"
  resolved "https://pkgs.dev.azure.com/dnceng/public/_packaging/dotnet-public-npm/npm/registry/glob/-/glob-10.3.3.tgz"
  dependencies:
    foreground-child "^3.1.0"
    jackspeak "^2.0.3"
    minimatch "^9.0.1"
    minipass "^5.0.0 || ^6.0.2 || ^7.0.0"
    path-scurry "^1.10.1"

glob@^7.0.6, glob@^7.1.3:
  version "7.2.3"
  resolved "https://pkgs.dev.azure.com/dnceng/public/_packaging/dotnet-public-npm/npm/registry/glob/-/glob-7.2.3.tgz"
  dependencies:
    fs.realpath "^1.0.0"
    inflight "^1.0.4"
    inherits "2"
    minimatch "^3.1.1"
    once "^1.3.0"
    path-is-absolute "^1.0.0"

has-flag@^3.0.0:
  version "3.0.0"
  resolved "https://pkgs.dev.azure.com/dnceng/public/_packaging/dotnet-public-npm/npm/registry/has-flag/-/has-flag-3.0.0.tgz"

has-symbols@^1.0.3:
  version "1.0.3"
  resolved "https://pkgs.dev.azure.com/dnceng/public/_packaging/dotnet-public-npm/npm/registry/has-symbols/-/has-symbols-1.0.3.tgz"

has@^1.0.3:
  version "1.0.3"
  resolved "https://pkgs.dev.azure.com/dnceng/public/_packaging/dotnet-public-npm/npm/registry/has/-/has-1.0.3.tgz"
  dependencies:
    function-bind "^1.1.1"

hosted-git-info@^4.0.2:
  version "4.1.0"
  resolved "https://pkgs.dev.azure.com/dnceng/public/_packaging/dotnet-public-npm/npm/registry/hosted-git-info/-/hosted-git-info-4.1.0.tgz"
  dependencies:
    lru-cache "^6.0.0"

htmlparser2@^8.0.1:
  version "8.0.1"
  resolved "https://pkgs.dev.azure.com/dnceng/public/_packaging/dotnet-public-npm/npm/registry/htmlparser2/-/htmlparser2-8.0.1.tgz"
  dependencies:
    domelementtype "^2.3.0"
    domhandler "^5.0.2"
    domutils "^3.0.1"
    entities "^4.3.0"

http-proxy-agent@^7.0.0:
  version "7.0.2"
  resolved "https://pkgs.dev.azure.com/dnceng/public/_packaging/dotnet-public-npm/npm/registry/http-proxy-agent/-/http-proxy-agent-7.0.2.tgz"
  dependencies:
    agent-base "^7.1.0"
    debug "^4.3.4"

https-proxy-agent@^7.0.0:
  version "7.0.4"
  resolved "https://pkgs.dev.azure.com/dnceng/public/_packaging/dotnet-public-npm/npm/registry/https-proxy-agent/-/https-proxy-agent-7.0.4.tgz"
  dependencies:
    agent-base "^7.0.2"
    debug "4"

ieee754@^1.1.13:
  version "1.2.1"
  resolved "https://pkgs.dev.azure.com/dnceng/public/_packaging/dotnet-public-npm/npm/registry/ieee754/-/ieee754-1.2.1.tgz"

inflight@^1.0.4:
  version "1.0.6"
  resolved "https://pkgs.dev.azure.com/dnceng/public/_packaging/dotnet-public-npm/npm/registry/inflight/-/inflight-1.0.6.tgz"
  dependencies:
    once "^1.3.0"
    wrappy "1"

inherits@2, inherits@^2.0.3, inherits@^2.0.4:
  version "2.0.4"
  resolved "https://pkgs.dev.azure.com/dnceng/public/_packaging/dotnet-public-npm/npm/registry/inherits/-/inherits-2.0.4.tgz"

ini@~1.3.0:
  version "1.3.8"
  resolved "https://pkgs.dev.azure.com/dnceng/public/_packaging/dotnet-public-npm/npm/registry/ini/-/ini-1.3.8.tgz"

is-docker@^2.0.0, is-docker@^2.1.1:
  version "2.2.1"
  resolved "https://pkgs.dev.azure.com/dnceng/public/_packaging/dotnet-public-npm/npm/registry/is-docker/-/is-docker-2.2.1.tgz"

is-fullwidth-code-point@^3.0.0:
  version "3.0.0"
  resolved "https://pkgs.dev.azure.com/dnceng/public/_packaging/dotnet-public-npm/npm/registry/is-fullwidth-code-point/-/is-fullwidth-code-point-3.0.0.tgz"

is-wsl@^2.2.0:
  version "2.2.0"
  resolved "https://pkgs.dev.azure.com/dnceng/public/_packaging/dotnet-public-npm/npm/registry/is-wsl/-/is-wsl-2.2.0.tgz"
  dependencies:
    is-docker "^2.0.0"

isexe@^2.0.0:
  version "2.0.0"
  resolved "https://pkgs.dev.azure.com/dnceng/public/_packaging/dotnet-public-npm/npm/registry/isexe/-/isexe-2.0.0.tgz"

jackspeak@^2.0.3:
  version "2.2.1"
  resolved "https://pkgs.dev.azure.com/dnceng/public/_packaging/dotnet-public-npm/npm/registry/jackspeak/-/jackspeak-2.2.1.tgz"
  dependencies:
    "@isaacs/cliui" "^8.0.2"
  optionalDependencies:
    "@pkgjs/parseargs" "^0.11.0"

jsonc-parser@^3.2.0:
  version "3.2.1"
  resolved "https://pkgs.dev.azure.com/dnceng/public/_packaging/dotnet-public-npm/npm/registry/jsonc-parser/-/jsonc-parser-3.2.1.tgz"

jsonwebtoken@^9.0.0:
  version "9.0.2"
  resolved "https://pkgs.dev.azure.com/dnceng/public/_packaging/dotnet-public-npm/npm/registry/jsonwebtoken/-/jsonwebtoken-9.0.2.tgz"
  dependencies:
    jws "^3.2.2"
    lodash.includes "^4.3.0"
    lodash.isboolean "^3.0.3"
    lodash.isinteger "^4.0.4"
    lodash.isnumber "^3.0.3"
    lodash.isplainobject "^4.0.6"
    lodash.isstring "^4.0.1"
    lodash.once "^4.0.0"
    ms "^2.1.1"
    semver "^7.5.4"

jwa@^1.4.1:
  version "1.4.1"
  resolved "https://pkgs.dev.azure.com/dnceng/public/_packaging/dotnet-public-npm/npm/registry/jwa/-/jwa-1.4.1.tgz"
  dependencies:
    buffer-equal-constant-time "1.0.1"
    ecdsa-sig-formatter "1.0.11"
    safe-buffer "^5.0.1"

jwa@^2.0.0:
  version "2.0.0"
  resolved "https://pkgs.dev.azure.com/dnceng/public/_packaging/dotnet-public-npm/npm/registry/jwa/-/jwa-2.0.0.tgz"
  dependencies:
    buffer-equal-constant-time "1.0.1"
    ecdsa-sig-formatter "1.0.11"
    safe-buffer "^5.0.1"

jws@^3.2.2:
  version "3.2.2"
  resolved "https://pkgs.dev.azure.com/dnceng/public/_packaging/dotnet-public-npm/npm/registry/jws/-/jws-3.2.2.tgz"
  dependencies:
    jwa "^1.4.1"
    safe-buffer "^5.0.1"

jws@^4.0.0:
  version "4.0.0"
  resolved "https://pkgs.dev.azure.com/dnceng/public/_packaging/dotnet-public-npm/npm/registry/jws/-/jws-4.0.0.tgz"
  dependencies:
    jwa "^2.0.0"
    safe-buffer "^5.0.1"

keytar@^7.7.0:
  version "7.9.0"
  resolved "https://pkgs.dev.azure.com/dnceng/public/_packaging/dotnet-public-npm/npm/registry/keytar/-/keytar-7.9.0.tgz"
  dependencies:
    node-addon-api "^4.3.0"
    prebuild-install "^7.0.1"

leven@^3.1.0:
  version "3.1.0"
  resolved "https://pkgs.dev.azure.com/dnceng/public/_packaging/dotnet-public-npm/npm/registry/leven/-/leven-3.1.0.tgz"

linkify-it@^3.0.1:
  version "3.0.3"
  resolved "https://pkgs.dev.azure.com/dnceng/public/_packaging/dotnet-public-npm/npm/registry/linkify-it/-/linkify-it-3.0.3.tgz"
  dependencies:
    uc.micro "^1.0.1"

lodash.includes@^4.3.0:
  version "4.3.0"
  resolved "https://pkgs.dev.azure.com/dnceng/public/_packaging/dotnet-public-npm/npm/registry/lodash.includes/-/lodash.includes-4.3.0.tgz"

lodash.isboolean@^3.0.3:
  version "3.0.3"
  resolved "https://pkgs.dev.azure.com/dnceng/public/_packaging/dotnet-public-npm/npm/registry/lodash.isboolean/-/lodash.isboolean-3.0.3.tgz"

lodash.isinteger@^4.0.4:
  version "4.0.4"
  resolved "https://pkgs.dev.azure.com/dnceng/public/_packaging/dotnet-public-npm/npm/registry/lodash.isinteger/-/lodash.isinteger-4.0.4.tgz"

lodash.isnumber@^3.0.3:
  version "3.0.3"
  resolved "https://pkgs.dev.azure.com/dnceng/public/_packaging/dotnet-public-npm/npm/registry/lodash.isnumber/-/lodash.isnumber-3.0.3.tgz"

lodash.isplainobject@^4.0.6:
  version "4.0.6"
  resolved "https://pkgs.dev.azure.com/dnceng/public/_packaging/dotnet-public-npm/npm/registry/lodash.isplainobject/-/lodash.isplainobject-4.0.6.tgz"

lodash.isstring@^4.0.1:
  version "4.0.1"
  resolved "https://pkgs.dev.azure.com/dnceng/public/_packaging/dotnet-public-npm/npm/registry/lodash.isstring/-/lodash.isstring-4.0.1.tgz"

lodash.once@^4.0.0:
  version "4.1.1"
  resolved "https://pkgs.dev.azure.com/dnceng/public/_packaging/dotnet-public-npm/npm/registry/lodash.once/-/lodash.once-4.1.1.tgz"

lru-cache@^6.0.0:
  version "6.0.0"
  resolved "https://pkgs.dev.azure.com/dnceng/public/_packaging/dotnet-public-npm/npm/registry/lru-cache/-/lru-cache-6.0.0.tgz"
  dependencies:
    yallist "^4.0.0"

"lru-cache@^9.1.1 || ^10.0.0":
  version "10.0.0"
  resolved "https://pkgs.dev.azure.com/dnceng/public/_packaging/dotnet-public-npm/npm/registry/lru-cache/-/lru-cache-10.0.0.tgz"

markdown-it@^12.3.2:
  version "12.3.2"
  resolved "https://pkgs.dev.azure.com/dnceng/public/_packaging/dotnet-public-npm/npm/registry/markdown-it/-/markdown-it-12.3.2.tgz"
  dependencies:
    argparse "^2.0.1"
    entities "~2.1.0"
    linkify-it "^3.0.1"
    mdurl "^1.0.1"
    uc.micro "^1.0.5"

mdurl@^1.0.1:
  version "1.0.1"
  resolved "https://pkgs.dev.azure.com/dnceng/public/_packaging/dotnet-public-npm/npm/registry/mdurl/-/mdurl-1.0.1.tgz"

mime-db@1.52.0:
  version "1.52.0"
  resolved "https://pkgs.dev.azure.com/dnceng/public/_packaging/dotnet-public-npm/npm/registry/mime-db/-/mime-db-1.52.0.tgz"

mime-types@^2.1.12:
  version "2.1.35"
  resolved "https://pkgs.dev.azure.com/dnceng/public/_packaging/dotnet-public-npm/npm/registry/mime-types/-/mime-types-2.1.35.tgz"
  dependencies:
    mime-db "1.52.0"

mime@^1.3.4:
  version "1.6.0"
  resolved "https://pkgs.dev.azure.com/dnceng/public/_packaging/dotnet-public-npm/npm/registry/mime/-/mime-1.6.0.tgz"

mimic-response@^3.1.0:
  version "3.1.0"
  resolved "https://pkgs.dev.azure.com/dnceng/public/_packaging/dotnet-public-npm/npm/registry/mimic-response/-/mimic-response-3.1.0.tgz"

minimatch@^3.0.3, minimatch@^3.1.1:
  version "3.1.2"
  resolved "https://pkgs.dev.azure.com/dnceng/public/_packaging/dotnet-public-npm/npm/registry/minimatch/-/minimatch-3.1.2.tgz"
  dependencies:
    brace-expansion "^1.1.7"

minimatch@^9.0.1:
  version "9.0.3"
  resolved "https://pkgs.dev.azure.com/dnceng/public/_packaging/dotnet-public-npm/npm/registry/minimatch/-/minimatch-9.0.3.tgz"
  dependencies:
    brace-expansion "^2.0.1"

minimist@^1.2.0, minimist@^1.2.3:
  version "1.2.8"
  resolved "https://pkgs.dev.azure.com/dnceng/public/_packaging/dotnet-public-npm/npm/registry/minimist/-/minimist-1.2.8.tgz"

"minipass@^5.0.0 || ^6.0.2 || ^7.0.0":
  version "7.0.2"
  resolved "https://pkgs.dev.azure.com/dnceng/public/_packaging/dotnet-public-npm/npm/registry/minipass/-/minipass-7.0.2.tgz"

mkdirp-classic@^0.5.2, mkdirp-classic@^0.5.3:
  version "0.5.3"
  resolved "https://pkgs.dev.azure.com/dnceng/public/_packaging/dotnet-public-npm/npm/registry/mkdirp-classic/-/mkdirp-classic-0.5.3.tgz"

ms@2.1.2, ms@^2.1.1:
  version "2.1.2"
  resolved "https://pkgs.dev.azure.com/dnceng/public/_packaging/dotnet-public-npm/npm/registry/ms/-/ms-2.1.2.tgz"

mute-stream@~0.0.4:
  version "0.0.8"
  resolved "https://pkgs.dev.azure.com/dnceng/public/_packaging/dotnet-public-npm/npm/registry/mute-stream/-/mute-stream-0.0.8.tgz"

napi-build-utils@^1.0.1:
  version "1.0.2"
  resolved "https://pkgs.dev.azure.com/dnceng/public/_packaging/dotnet-public-npm/npm/registry/napi-build-utils/-/napi-build-utils-1.0.2.tgz"

node-abi@^3.3.0:
  version "3.62.0"
  resolved "https://pkgs.dev.azure.com/dnceng/public/_packaging/dotnet-public-npm/npm/registry/node-abi/-/node-abi-3.62.0.tgz"
  dependencies:
    semver "^7.3.5"

node-addon-api@^4.3.0:
  version "4.3.0"
  resolved "https://pkgs.dev.azure.com/dnceng/public/_packaging/dotnet-public-npm/npm/registry/node-addon-api/-/node-addon-api-4.3.0.tgz"

nth-check@^2.0.1:
  version "2.1.1"
  resolved "https://pkgs.dev.azure.com/dnceng/public/_packaging/dotnet-public-npm/npm/registry/nth-check/-/nth-check-2.1.1.tgz"
  dependencies:
    boolbase "^1.0.0"

object-inspect@^1.9.0:
  version "1.12.2"
  resolved "https://pkgs.dev.azure.com/dnceng/public/_packaging/dotnet-public-npm/npm/registry/object-inspect/-/object-inspect-1.12.2.tgz"

once@^1.3.0, once@^1.3.1, once@^1.4.0:
  version "1.4.0"
  resolved "https://pkgs.dev.azure.com/dnceng/public/_packaging/dotnet-public-npm/npm/registry/once/-/once-1.4.0.tgz"
  dependencies:
    wrappy "1"

open@^8.0.0:
  version "8.4.2"
  resolved "https://pkgs.dev.azure.com/dnceng/public/_packaging/dotnet-public-npm/npm/registry/open/-/open-8.4.2.tgz"
  dependencies:
    define-lazy-prop "^2.0.0"
    is-docker "^2.1.1"
    is-wsl "^2.2.0"

parse-semver@^1.1.1:
  version "1.1.1"
  resolved "https://pkgs.dev.azure.com/dnceng/public/_packaging/dotnet-public-npm/npm/registry/parse-semver/-/parse-semver-1.1.1.tgz"
  dependencies:
    semver "^5.1.0"

parse5-htmlparser2-tree-adapter@^7.0.0:
  version "7.0.0"
  resolved "https://pkgs.dev.azure.com/dnceng/public/_packaging/dotnet-public-npm/npm/registry/parse5-htmlparser2-tree-adapter/-/parse5-htmlparser2-tree-adapter-7.0.0.tgz"
  dependencies:
    domhandler "^5.0.2"
    parse5 "^7.0.0"

parse5@^7.0.0:
  version "7.1.1"
  resolved "https://pkgs.dev.azure.com/dnceng/public/_packaging/dotnet-public-npm/npm/registry/parse5/-/parse5-7.1.1.tgz"
  dependencies:
    entities "^4.4.0"

path-is-absolute@^1.0.0:
  version "1.0.1"
  resolved "https://pkgs.dev.azure.com/dnceng/public/_packaging/dotnet-public-npm/npm/registry/path-is-absolute/-/path-is-absolute-1.0.1.tgz"

path-key@^3.1.0:
  version "3.1.1"
  resolved "https://pkgs.dev.azure.com/dnceng/public/_packaging/dotnet-public-npm/npm/registry/path-key/-/path-key-3.1.1.tgz"

path-scurry@^1.10.1:
  version "1.10.1"
  resolved "https://pkgs.dev.azure.com/dnceng/public/_packaging/dotnet-public-npm/npm/registry/path-scurry/-/path-scurry-1.10.1.tgz"
  dependencies:
    lru-cache "^9.1.1 || ^10.0.0"
    minipass "^5.0.0 || ^6.0.2 || ^7.0.0"

pend@~1.2.0:
  version "1.2.0"
  resolved "https://pkgs.dev.azure.com/dnceng/public/_packaging/dotnet-public-npm/npm/registry/pend/-/pend-1.2.0.tgz"

prebuild-install@^7.0.1:
  version "7.1.2"
  resolved "https://pkgs.dev.azure.com/dnceng/public/_packaging/dotnet-public-npm/npm/registry/prebuild-install/-/prebuild-install-7.1.2.tgz"
  dependencies:
    detect-libc "^2.0.0"
    expand-template "^2.0.3"
    github-from-package "0.0.0"
    minimist "^1.2.3"
    mkdirp-classic "^0.5.3"
    napi-build-utils "^1.0.1"
    node-abi "^3.3.0"
    pump "^3.0.0"
    rc "^1.2.7"
    simple-get "^4.0.0"
    tar-fs "^2.0.0"
    tunnel-agent "^0.6.0"

pump@^3.0.0:
  version "3.0.0"
  resolved "https://pkgs.dev.azure.com/dnceng/public/_packaging/dotnet-public-npm/npm/registry/pump/-/pump-3.0.0.tgz"
  dependencies:
    end-of-stream "^1.1.0"
    once "^1.3.1"

qs@^6.9.1:
  version "6.11.0"
  resolved "https://pkgs.dev.azure.com/dnceng/public/_packaging/dotnet-public-npm/npm/registry/qs/-/qs-6.11.0.tgz"
  dependencies:
    side-channel "^1.0.4"

rc@^1.2.7:
  version "1.2.8"
  resolved "https://pkgs.dev.azure.com/dnceng/public/_packaging/dotnet-public-npm/npm/registry/rc/-/rc-1.2.8.tgz"
  dependencies:
    deep-extend "^0.6.0"
    ini "~1.3.0"
    minimist "^1.2.0"
    strip-json-comments "~2.0.1"

read@^1.0.7:
  version "1.0.7"
  resolved "https://pkgs.dev.azure.com/dnceng/public/_packaging/dotnet-public-npm/npm/registry/read/-/read-1.0.7.tgz"
  dependencies:
    mute-stream "~0.0.4"

readable-stream@^3.1.1, readable-stream@^3.4.0:
  version "3.6.2"
  resolved "https://pkgs.dev.azure.com/dnceng/public/_packaging/dotnet-public-npm/npm/registry/readable-stream/-/readable-stream-3.6.2.tgz"
  dependencies:
    inherits "^2.0.3"
    string_decoder "^1.1.1"
    util-deprecate "^1.0.1"

rimraf@^3.0.0:
  version "3.0.2"
  resolved "https://pkgs.dev.azure.com/dnceng/public/_packaging/dotnet-public-npm/npm/registry/rimraf/-/rimraf-3.0.2.tgz"
  dependencies:
    glob "^7.1.3"

rimraf@^5.0.1:
  version "5.0.1"
  resolved "https://pkgs.dev.azure.com/dnceng/public/_packaging/dotnet-public-npm/npm/registry/rimraf/-/rimraf-5.0.1.tgz"
  dependencies:
    glob "^10.2.5"

safe-buffer@^5.0.1, safe-buffer@~5.2.0:
  version "5.2.1"
  resolved "https://pkgs.dev.azure.com/dnceng/public/_packaging/dotnet-public-npm/npm/registry/safe-buffer/-/safe-buffer-5.2.1.tgz"

sax@>=0.6.0:
  version "1.3.0"
  resolved "https://pkgs.dev.azure.com/dnceng/public/_packaging/dotnet-public-npm/npm/registry/sax/-/sax-1.3.0.tgz"

semver@^5.1.0:
  version "5.7.2"
  resolved "https://pkgs.dev.azure.com/dnceng/public/_packaging/dotnet-public-npm/npm/registry/semver/-/semver-5.7.2.tgz"

semver@^7.3.5, semver@^7.5.2, semver@^7.5.4:
  version "7.6.2"
  resolved "https://pkgs.dev.azure.com/dnceng/public/_packaging/dotnet-public-npm/npm/registry/semver/-/semver-7.6.2.tgz"

shebang-command@^2.0.0:
  version "2.0.0"
  resolved "https://pkgs.dev.azure.com/dnceng/public/_packaging/dotnet-public-npm/npm/registry/shebang-command/-/shebang-command-2.0.0.tgz"
  dependencies:
    shebang-regex "^3.0.0"

shebang-regex@^3.0.0:
  version "3.0.0"
  resolved "https://pkgs.dev.azure.com/dnceng/public/_packaging/dotnet-public-npm/npm/registry/shebang-regex/-/shebang-regex-3.0.0.tgz"

side-channel@^1.0.4:
  version "1.0.4"
  resolved "https://pkgs.dev.azure.com/dnceng/public/_packaging/dotnet-public-npm/npm/registry/side-channel/-/side-channel-1.0.4.tgz"
  dependencies:
    call-bind "^1.0.0"
    get-intrinsic "^1.0.2"
    object-inspect "^1.9.0"

signal-exit@^4.0.1:
  version "4.0.2"
  resolved "https://pkgs.dev.azure.com/dnceng/public/_packaging/dotnet-public-npm/npm/registry/signal-exit/-/signal-exit-4.0.2.tgz"

simple-concat@^1.0.0:
  version "1.0.1"
  resolved "https://pkgs.dev.azure.com/dnceng/public/_packaging/dotnet-public-npm/npm/registry/simple-concat/-/simple-concat-1.0.1.tgz"

simple-get@^4.0.0:
  version "4.0.1"
  resolved "https://pkgs.dev.azure.com/dnceng/public/_packaging/dotnet-public-npm/npm/registry/simple-get/-/simple-get-4.0.1.tgz"
  dependencies:
    decompress-response "^6.0.0"
    once "^1.3.1"
    simple-concat "^1.0.0"

source-map@^0.6.0:
  version "0.6.1"
  resolved "https://pkgs.dev.azure.com/dnceng/public/_packaging/dotnet-public-npm/npm/registry/source-map/-/source-map-0.6.1.tgz"

stoppable@^1.1.0:
  version "1.1.0"
  resolved "https://pkgs.dev.azure.com/dnceng/public/_packaging/dotnet-public-npm/npm/registry/stoppable/-/stoppable-1.1.0.tgz"

"string-width-cjs@npm:string-width@^4.2.0":
  version "4.2.3"
  resolved "https://pkgs.dev.azure.com/dnceng/public/_packaging/dotnet-public-npm/npm/registry/string-width/-/string-width-4.2.3.tgz"
  dependencies:
    emoji-regex "^8.0.0"
    is-fullwidth-code-point "^3.0.0"
    strip-ansi "^6.0.1"

string-width@^4.1.0:
  version "4.2.3"
  resolved "https://pkgs.dev.azure.com/dnceng/public/_packaging/dotnet-public-npm/npm/registry/string-width/-/string-width-4.2.3.tgz"
  dependencies:
    emoji-regex "^8.0.0"
    is-fullwidth-code-point "^3.0.0"
    strip-ansi "^6.0.1"

string-width@^5.0.1, string-width@^5.1.2:
  version "5.1.2"
  resolved "https://pkgs.dev.azure.com/dnceng/public/_packaging/dotnet-public-npm/npm/registry/string-width/-/string-width-5.1.2.tgz"
  dependencies:
    eastasianwidth "^0.2.0"
    emoji-regex "^9.2.2"
    strip-ansi "^7.0.1"

string_decoder@^1.1.1:
  version "1.3.0"
  resolved "https://pkgs.dev.azure.com/dnceng/public/_packaging/dotnet-public-npm/npm/registry/string_decoder/-/string_decoder-1.3.0.tgz"
  dependencies:
    safe-buffer "~5.2.0"

"strip-ansi-cjs@npm:strip-ansi@^6.0.1":
  version "6.0.1"
  resolved "https://pkgs.dev.azure.com/dnceng/public/_packaging/dotnet-public-npm/npm/registry/strip-ansi/-/strip-ansi-6.0.1.tgz"
  dependencies:
    ansi-regex "^5.0.1"

strip-ansi@^6.0.0, strip-ansi@^6.0.1:
  version "6.0.1"
  resolved "https://pkgs.dev.azure.com/dnceng/public/_packaging/dotnet-public-npm/npm/registry/strip-ansi/-/strip-ansi-6.0.1.tgz"
  dependencies:
    ansi-regex "^5.0.1"

strip-ansi@^7.0.1:
  version "7.1.0"
  resolved "https://pkgs.dev.azure.com/dnceng/public/_packaging/dotnet-public-npm/npm/registry/strip-ansi/-/strip-ansi-7.1.0.tgz"
  dependencies:
    ansi-regex "^6.0.1"

strip-json-comments@~2.0.1:
  version "2.0.1"
  resolved "https://pkgs.dev.azure.com/dnceng/public/_packaging/dotnet-public-npm/npm/registry/strip-json-comments/-/strip-json-comments-2.0.1.tgz"

supports-color@^5.3.0:
  version "5.5.0"
  resolved "https://pkgs.dev.azure.com/dnceng/public/_packaging/dotnet-public-npm/npm/registry/supports-color/-/supports-color-5.5.0.tgz"
  dependencies:
    has-flag "^3.0.0"

tar-fs@^2.0.0:
  version "2.1.1"
  resolved "https://pkgs.dev.azure.com/dnceng/public/_packaging/dotnet-public-npm/npm/registry/tar-fs/-/tar-fs-2.1.1.tgz"
  dependencies:
    chownr "^1.1.1"
    mkdirp-classic "^0.5.2"
    pump "^3.0.0"
    tar-stream "^2.1.4"

tar-stream@^2.1.4:
  version "2.2.0"
  resolved "https://pkgs.dev.azure.com/dnceng/public/_packaging/dotnet-public-npm/npm/registry/tar-stream/-/tar-stream-2.2.0.tgz"
  dependencies:
    bl "^4.0.3"
    end-of-stream "^1.4.1"
    fs-constants "^1.0.0"
    inherits "^2.0.3"
    readable-stream "^3.1.1"

tmp@^0.2.1:
  version "0.2.1"
  resolved "https://pkgs.dev.azure.com/dnceng/public/_packaging/dotnet-public-npm/npm/registry/tmp/-/tmp-0.2.1.tgz"
  dependencies:
    rimraf "^3.0.0"

tslib@^2.2.0, tslib@^2.6.2:
  version "2.6.2"
  resolved "https://pkgs.dev.azure.com/dnceng/public/_packaging/dotnet-public-npm/npm/registry/tslib/-/tslib-2.6.2.tgz"

tunnel-agent@^0.6.0:
  version "0.6.0"
  resolved "https://pkgs.dev.azure.com/dnceng/public/_packaging/dotnet-public-npm/npm/registry/tunnel-agent/-/tunnel-agent-0.6.0.tgz"
  dependencies:
    safe-buffer "^5.0.1"

tunnel@0.0.6:
  version "0.0.6"
  resolved "https://pkgs.dev.azure.com/dnceng/public/_packaging/dotnet-public-npm/npm/registry/tunnel/-/tunnel-0.0.6.tgz"

typed-rest-client@^1.8.4:
  version "1.8.9"
  resolved "https://pkgs.dev.azure.com/dnceng/public/_packaging/dotnet-public-npm/npm/registry/typed-rest-client/-/typed-rest-client-1.8.9.tgz"
  dependencies:
    qs "^6.9.1"
    tunnel "0.0.6"
    underscore "^1.12.1"

uc.micro@^1.0.1, uc.micro@^1.0.5:
  version "1.0.6"
  resolved "https://pkgs.dev.azure.com/dnceng/public/_packaging/dotnet-public-npm/npm/registry/uc.micro/-/uc.micro-1.0.6.tgz"

underscore@^1.12.1:
  version "1.13.4"
  resolved "https://pkgs.dev.azure.com/dnceng/public/_packaging/dotnet-public-npm/npm/registry/underscore/-/underscore-1.13.4.tgz"

url-join@^4.0.1:
  version "4.0.1"
  resolved "https://pkgs.dev.azure.com/dnceng/public/_packaging/dotnet-public-npm/npm/registry/url-join/-/url-join-4.0.1.tgz"

util-deprecate@^1.0.1:
  version "1.0.2"
  resolved "https://pkgs.dev.azure.com/dnceng/public/_packaging/dotnet-public-npm/npm/registry/util-deprecate/-/util-deprecate-1.0.2.tgz"

uuid@^8.3.0:
  version "8.3.2"
  resolved "https://pkgs.dev.azure.com/dnceng/public/_packaging/dotnet-public-npm/npm/registry/uuid/-/uuid-8.3.2.tgz"

which@^2.0.1:
  version "2.0.2"
  resolved "https://pkgs.dev.azure.com/dnceng/public/_packaging/dotnet-public-npm/npm/registry/which/-/which-2.0.2.tgz"
  dependencies:
    isexe "^2.0.0"

"wrap-ansi-cjs@npm:wrap-ansi@^7.0.0":
  version "7.0.0"
  resolved "https://pkgs.dev.azure.com/dnceng/public/_packaging/dotnet-public-npm/npm/registry/wrap-ansi/-/wrap-ansi-7.0.0.tgz"
  dependencies:
    ansi-styles "^4.0.0"
    string-width "^4.1.0"
    strip-ansi "^6.0.0"

wrap-ansi@^8.1.0:
  version "8.1.0"
  resolved "https://pkgs.dev.azure.com/dnceng/public/_packaging/dotnet-public-npm/npm/registry/wrap-ansi/-/wrap-ansi-8.1.0.tgz"
  dependencies:
    ansi-styles "^6.1.0"
    string-width "^5.0.1"
    strip-ansi "^7.0.1"

wrappy@1:
  version "1.0.2"
  resolved "https://pkgs.dev.azure.com/dnceng/public/_packaging/dotnet-public-npm/npm/registry/wrappy/-/wrappy-1.0.2.tgz"

xml2js@^0.5.0:
  version "0.5.0"
  resolved "https://pkgs.dev.azure.com/dnceng/public/_packaging/dotnet-public-npm/npm/registry/xml2js/-/xml2js-0.5.0.tgz"
  dependencies:
    sax ">=0.6.0"
    xmlbuilder "~11.0.0"

xmlbuilder@~11.0.0:
  version "11.0.1"
  resolved "https://pkgs.dev.azure.com/dnceng/public/_packaging/dotnet-public-npm/npm/registry/xmlbuilder/-/xmlbuilder-11.0.1.tgz"

yallist@^4.0.0:
  version "4.0.0"
  resolved "https://pkgs.dev.azure.com/dnceng/public/_packaging/dotnet-public-npm/npm/registry/yallist/-/yallist-4.0.0.tgz"

yauzl@^2.3.1:
  version "2.10.0"
  resolved "https://pkgs.dev.azure.com/dnceng/public/_packaging/dotnet-public-npm/npm/registry/yauzl/-/yauzl-2.10.0.tgz"
  dependencies:
    buffer-crc32 "~0.2.3"
    fd-slicer "~1.1.0"

yazl@^2.2.2:
  version "2.5.1"
  resolved "https://pkgs.dev.azure.com/dnceng/public/_packaging/dotnet-public-npm/npm/registry/yazl/-/yazl-2.5.1.tgz"
  dependencies:
    buffer-crc32 "~0.2.3"
